
Microsoft Visual Studio Solution File, Format Version 10.00
# Visual Studio 2008
Project("{8BC9CEB8-8B4A-11D0-8D11-00A0C91BC942}") = "SpaceInvaders", "SpaceInvaders\SpaceInvaders.vcproj", "{4D06CC15-117E-4624-A006-2E04B98F8D70}"
EndProject
Global
	GlobalSection(SolutionConfigurationPlatforms) = preSolution
		Debug|Win32 = Debug|Win32
		Release|Win32 = Release|Win32
	EndGlobalSection
	GlobalSection(ProjectConfigurationPlatforms) = postSolution
		{4D06CC15-117E-4624-A006-2E04B98F8D70}.Debug|Win32.ActiveCfg = Debug|Win32
		{4D06CC15-117E-4624-A006-2E04B98F8D70}.Debug|Win32.Build.0 = Debug|Win32
		{4D06CC15-117E-4624-A006-2E04B98F8D70}.Release|Win32.ActiveCfg = Release|Win32
		{4D06CC15-117E-4624-A006-2E04B98F8D70}.Release|Win32.Build.0 = Release|Win32
	EndGlobalSection
	GlobalSection(SolutionProperties) = preSolution
		HideSolutionNode = FALSE
	EndGlobalSection
EndGlobal
