
Microsoft Visual Studio Solution File, Format Version 10.00
# Visual Studio 2008
Project("{8BC9CEB8-8B4A-11D0-8D11-00A0C91BC942}") = "Trig", "Trig\Trig.vcproj", "{117677E8-DBE1-4917-90F0-9CEC8A97C63B}"
EndProject
Global
	GlobalSection(SolutionConfigurationPlatforms) = preSolution
		Debug|Win32 = Debug|Win32
		Release|Win32 = Release|Win32
	EndGlobalSection
	GlobalSection(ProjectConfigurationPlatforms) = postSolution
		{117677E8-DBE1-4917-90F0-9CEC8A97C63B}.Debug|Win32.ActiveCfg = Debug|Win32
		{117677E8-DBE1-4917-90F0-9CEC8A97C63B}.Debug|Win32.Build.0 = Debug|Win32
		{117677E8-DBE1-4917-90F0-9CEC8A97C63B}.Release|Win32.ActiveCfg = Release|Win32
		{117677E8-DBE1-4917-90F0-9CEC8A97C63B}.Release|Win32.Build.0 = Release|Win32
	EndGlobalSection
	GlobalSection(SolutionProperties) = preSolution
		HideSolutionNode = FALSE
	EndGlobalSection
EndGlobal
