
Microsoft Visual Studio Solution File, Format Version 10.00
# Visual Studio 2008
Project("{8BC9CEB8-8B4A-11D0-8D11-00A0C91BC942}") = "Form1", "Form1\Form1.vcproj", "{61026767-0E1E-4D0C-BB30-22CF9F58877F}"
EndProject
Global
	GlobalSection(SolutionConfigurationPlatforms) = preSolution
		Debug|Win32 = Debug|Win32
		Release|Win32 = Release|Win32
	EndGlobalSection
	GlobalSection(ProjectConfigurationPlatforms) = postSolution
		{61026767-0E1E-4D0C-BB30-22CF9F58877F}.Debug|Win32.ActiveCfg = Debug|Win32
		{61026767-0E1E-4D0C-BB30-22CF9F58877F}.Debug|Win32.Build.0 = Debug|Win32
		{61026767-0E1E-4D0C-BB30-22CF9F58877F}.Release|Win32.ActiveCfg = Release|Win32
		{61026767-0E1E-4D0C-BB30-22CF9F58877F}.Release|Win32.Build.0 = Release|Win32
	EndGlobalSection
	GlobalSection(SolutionProperties) = preSolution
		HideSolutionNode = FALSE
	EndGlobalSection
EndGlobal
