
Microsoft Visual Studio Solution File, Format Version 10.00
# Visual Studio 2008
Project("{8BC9CEB8-8B4A-11D0-8D11-00A0C91BC942}") = "Finite_State_Machine", "Finite_State_Machine\Finite_State_Machine.vcproj", "{25E23C5D-367E-450D-8A4C-2A2C2AB838A5}"
EndProject
Global
	GlobalSection(SolutionConfigurationPlatforms) = preSolution
		Debug|Win32 = Debug|Win32
		Release|Win32 = Release|Win32
	EndGlobalSection
	GlobalSection(ProjectConfigurationPlatforms) = postSolution
		{25E23C5D-367E-450D-8A4C-2A2C2AB838A5}.Debug|Win32.ActiveCfg = Debug|Win32
		{25E23C5D-367E-450D-8A4C-2A2C2AB838A5}.Debug|Win32.Build.0 = Debug|Win32
		{25E23C5D-367E-450D-8A4C-2A2C2AB838A5}.Release|Win32.ActiveCfg = Release|Win32
		{25E23C5D-367E-450D-8A4C-2A2C2AB838A5}.Release|Win32.Build.0 = Release|Win32
	EndGlobalSection
	GlobalSection(SolutionProperties) = preSolution
		HideSolutionNode = FALSE
	EndGlobalSection
EndGlobal
