
Microsoft Visual Studio Solution File, Format Version 10.00
# Visual Studio 2008
Project("{8BC9CEB8-8B4A-11D0-8D11-00A0C91BC942}") = "pong_Revived", "pong_Revived\pong_Revived.vcproj", "{15E4C72A-7707-43D5-A043-5D5B458071C8}"
EndProject
Global
	GlobalSection(SolutionConfigurationPlatforms) = preSolution
		Debug|Win32 = Debug|Win32
		Release|Win32 = Release|Win32
	EndGlobalSection
	GlobalSection(ProjectConfigurationPlatforms) = postSolution
		{15E4C72A-7707-43D5-A043-5D5B458071C8}.Debug|Win32.ActiveCfg = Debug|Win32
		{15E4C72A-7707-43D5-A043-5D5B458071C8}.Debug|Win32.Build.0 = Debug|Win32
		{15E4C72A-7707-43D5-A043-5D5B458071C8}.Release|Win32.ActiveCfg = Release|Win32
		{15E4C72A-7707-43D5-A043-5D5B458071C8}.Release|Win32.Build.0 = Release|Win32
	EndGlobalSection
	GlobalSection(SolutionProperties) = preSolution
		HideSolutionNode = FALSE
	EndGlobalSection
EndGlobal
